{
    "_readme": [
        "This file locks the dependencies of your project to a known state",
        "Read more about it at https://getcomposer.org/doc/01-basic-usage.md#installing-dependencies",
        "This file is @generated automatically"
    ],
    "content-hash": "67f8f44209e9d2b166f6a41e1dd796af",
    "packages": [
        {
            "name": "laraveldaily/laravel-charts",
            "version": "0.2.3",
            "source": {
                "type": "git",
                "url": "https://github.com/LaravelDaily/laravel-charts.git",
                "reference": "78d2a5a74e92d65e361652360aa73f5c20583561"
            },
            "dist": {
                "type": "zip",
                "url": "https://api.github.com/repos/LaravelDaily/laravel-charts/zipball/78d2a5a74e92d65e361652360aa73f5c20583561",
                "reference": "78d2a5a74e92d65e361652360aa73f5c20583561",
                "shasum": ""
            },
            "type": "library",
            "extra": {
                "laravel": {
                    "providers": [
                        "LaravelDaily\\LaravelCharts\\LaravelChartsServiceProvider"
                    ]
                }
            },
            "autoload": {
                "psr-4": {
                    "LaravelDaily\\LaravelCharts\\": "src"
                }
            },
            "notification-url": "https://packagist.org/downloads/",
            "license": [
                "MIT"
            ],
            "authors": [
                {
                    "name": "Povilas Korop",
                    "email": "povilas@laraveldaily.com"
                }
            ],
            "description": "Create charts and reports from Laravel",
            "support": {
                "issues": "https://github.com/LaravelDaily/laravel-charts/issues",
                "source": "https://github.com/LaravelDaily/laravel-charts/tree/0.2.3"
            },
            "time": "2023-06-28T10:36:53+00:00"
        }
    ],
    "packages-dev": [],
    "aliases": [],
    "minimum-stability": "stable",
    "stability-flags": {},
    "prefer-stable": false,
    "prefer-lowest": false,
    "platform": {},
    "platform-dev": {},
    "plugin-api-version": "2.6.0"
}
